
Microsoft Visual Studio Solution File, Format Version 12.00
Project("{FAE04EC0-301F-11D3-BF4B-00C04F79EFBC}") = "Benchmark", "Benchmark\Benchmark.csproj", "{7815E672-8D84-487D-843E-E885CAF038E4}"
EndProject
Global
	GlobalSection(SolutionConfigurationPlatforms) = preSolution
		Debug|Any CPU = Debug|Any CPU
		Release|Any CPU = Release|Any CPU
	EndGlobalSection
	GlobalSection(ProjectConfigurationPlatforms) = postSolution
		{7815E672-8D84-487D-843E-E885CAF038E4}.Debug|Any CPU.ActiveCfg = Debug|Any CPU
		{7815E672-8D84-487D-843E-E885CAF038E4}.Debug|Any CPU.Build.0 = Debug|Any CPU
		{7815E672-8D84-487D-843E-E885CAF038E4}.Release|Any CPU.ActiveCfg = Release|Any CPU
		{7815E672-8D84-487D-843E-E885CAF038E4}.Release|Any CPU.Build.0 = Release|Any CPU
	EndGlobalSection
EndGlobal
